
Microsoft Visual Studio Solution File, Format Version 12.00
# Visual Studio Version 17
VisualStudioVersion = 17.2.32616.157
MinimumVisualStudioVersion = 10.0.40219.1
Project("{FAE04EC0-301F-11D3-BF4B-00C04F79EFBC}") = "DylanDeSouzaWk15ExA", "DylanDeSouzaWk15ExA\DylanDeSouzaWk15ExA.csproj", "{CD4AD207-9401-452C-A33A-070E8E48532F}"
EndProject
Global
	GlobalSection(SolutionConfigurationPlatforms) = preSolution
		Debug|Any CPU = Debug|Any CPU
		Release|Any CPU = Release|Any CPU
	EndGlobalSection
	GlobalSection(ProjectConfigurationPlatforms) = postSolution
		{CD4AD207-9401-452C-A33A-070E8E48532F}.Debug|Any CPU.ActiveCfg = Debug|Any CPU
		{CD4AD207-9401-452C-A33A-070E8E48532F}.Debug|Any CPU.Build.0 = Debug|Any CPU
		{CD4AD207-9401-452C-A33A-070E8E48532F}.Release|Any CPU.ActiveCfg = Release|Any CPU
		{CD4AD207-9401-452C-A33A-070E8E48532F}.Release|Any CPU.Build.0 = Release|Any CPU
	EndGlobalSection
	GlobalSection(SolutionProperties) = preSolution
		HideSolutionNode = FALSE
	EndGlobalSection
	GlobalSection(ExtensibilityGlobals) = postSolution
		SolutionGuid = {8D6AF2DF-D1AC-46BF-85F8-91324936958B}
	EndGlobalSection
EndGlobal
